
Microsoft Visual Studio Solution File, Format Version 12.00
# Visual Studio Version 16
VisualStudioVersion = 16.0.30011.22
MinimumVisualStudioVersion = 10.0.40219.1
Project("{FAE04EC0-301F-11D3-BF4B-00C04F79EFBC}") = "InternalVirusTotalIntegrationBusiness", "InternalVirusTotalIntegrationBusiness\InternalVirusTotalIntegrationBusiness.csproj", "{4D8ABF8D-A6AF-4110-A5B7-A3A2AED8F1BF}"
EndProject
Project("{FAE04EC0-301F-11D3-BF4B-00C04F79EFBC}") = "InternalVirusTotalIntegrationHttpClientData", "InternalVirusTotalIntegrationHttpClientData\InternalVirusTotalIntegrationHttpClientData.csproj", "{5195D0AA-0F5A-4BFE-B5F1-0FB1C610776B}"
EndProject
Project("{FAE04EC0-301F-11D3-BF4B-00C04F79EFBC}") = "InternalVirusTotalIntegrationApi", "InternalVirusTotalIntegrationApi\InternalVirusTotalIntegrationApi.csproj", "{D87649CB-D597-4C98-A4F3-6E310F2EEA03}"
EndProject
Global
	GlobalSection(SolutionConfigurationPlatforms) = preSolution
		Debug|Any CPU = Debug|Any CPU
		Release|Any CPU = Release|Any CPU
	EndGlobalSection
	GlobalSection(ProjectConfigurationPlatforms) = postSolution
		{4D8ABF8D-A6AF-4110-A5B7-A3A2AED8F1BF}.Debug|Any CPU.ActiveCfg = Debug|Any CPU
		{4D8ABF8D-A6AF-4110-A5B7-A3A2AED8F1BF}.Debug|Any CPU.Build.0 = Debug|Any CPU
		{4D8ABF8D-A6AF-4110-A5B7-A3A2AED8F1BF}.Release|Any CPU.ActiveCfg = Release|Any CPU
		{4D8ABF8D-A6AF-4110-A5B7-A3A2AED8F1BF}.Release|Any CPU.Build.0 = Release|Any CPU
		{5195D0AA-0F5A-4BFE-B5F1-0FB1C610776B}.Debug|Any CPU.ActiveCfg = Debug|Any CPU
		{5195D0AA-0F5A-4BFE-B5F1-0FB1C610776B}.Debug|Any CPU.Build.0 = Debug|Any CPU
		{5195D0AA-0F5A-4BFE-B5F1-0FB1C610776B}.Release|Any CPU.ActiveCfg = Release|Any CPU
		{5195D0AA-0F5A-4BFE-B5F1-0FB1C610776B}.Release|Any CPU.Build.0 = Release|Any CPU
		{D87649CB-D597-4C98-A4F3-6E310F2EEA03}.Debug|Any CPU.ActiveCfg = Debug|Any CPU
		{D87649CB-D597-4C98-A4F3-6E310F2EEA03}.Debug|Any CPU.Build.0 = Debug|Any CPU
		{D87649CB-D597-4C98-A4F3-6E310F2EEA03}.Release|Any CPU.ActiveCfg = Release|Any CPU
		{D87649CB-D597-4C98-A4F3-6E310F2EEA03}.Release|Any CPU.Build.0 = Release|Any CPU
	EndGlobalSection
	GlobalSection(SolutionProperties) = preSolution
		HideSolutionNode = FALSE
	EndGlobalSection
	GlobalSection(ExtensibilityGlobals) = postSolution
		SolutionGuid = {3B1F5C64-A74A-49C2-A0FC-23A42828BFED}
	EndGlobalSection
EndGlobal
