
Microsoft Visual Studio Solution File, Format Version 12.00
# Visual Studio Version 16
VisualStudioVersion = 16.0.30011.22
MinimumVisualStudioVersion = 10.0.40219.1
Project("{FAE04EC0-301F-11D3-BF4B-00C04F79EFBC}") = "InternalGeoIpBusiness", "InternalGeoIpBusiness\InternalGeoIpBusiness.csproj", "{2B238CB3-F8BC-4930-91C3-C38142ED067C}"
EndProject
Project("{FAE04EC0-301F-11D3-BF4B-00C04F79EFBC}") = "InternalGeoIpMaxMindData", "InternalGeoIpMaxMindData\InternalGeoIpMaxMindData.csproj", "{69326BC4-97B6-48E0-94B4-FD52CACDEBEB}"
EndProject
Project("{FAE04EC0-301F-11D3-BF4B-00C04F79EFBC}") = "InternalGeoIpApi", "InternalGeoIpApi\InternalGeoIpApi.csproj", "{87A9DCF1-53B4-46A4-971A-4F59491CC475}"
EndProject
Global
	GlobalSection(SolutionConfigurationPlatforms) = preSolution
		Debug|Any CPU = Debug|Any CPU
		Release|Any CPU = Release|Any CPU
	EndGlobalSection
	GlobalSection(ProjectConfigurationPlatforms) = postSolution
		{2B238CB3-F8BC-4930-91C3-C38142ED067C}.Debug|Any CPU.ActiveCfg = Debug|Any CPU
		{2B238CB3-F8BC-4930-91C3-C38142ED067C}.Debug|Any CPU.Build.0 = Debug|Any CPU
		{2B238CB3-F8BC-4930-91C3-C38142ED067C}.Release|Any CPU.ActiveCfg = Release|Any CPU
		{2B238CB3-F8BC-4930-91C3-C38142ED067C}.Release|Any CPU.Build.0 = Release|Any CPU
		{69326BC4-97B6-48E0-94B4-FD52CACDEBEB}.Debug|Any CPU.ActiveCfg = Debug|Any CPU
		{69326BC4-97B6-48E0-94B4-FD52CACDEBEB}.Debug|Any CPU.Build.0 = Debug|Any CPU
		{69326BC4-97B6-48E0-94B4-FD52CACDEBEB}.Release|Any CPU.ActiveCfg = Release|Any CPU
		{69326BC4-97B6-48E0-94B4-FD52CACDEBEB}.Release|Any CPU.Build.0 = Release|Any CPU
		{87A9DCF1-53B4-46A4-971A-4F59491CC475}.Debug|Any CPU.ActiveCfg = Debug|Any CPU
		{87A9DCF1-53B4-46A4-971A-4F59491CC475}.Debug|Any CPU.Build.0 = Debug|Any CPU
		{87A9DCF1-53B4-46A4-971A-4F59491CC475}.Release|Any CPU.ActiveCfg = Release|Any CPU
		{87A9DCF1-53B4-46A4-971A-4F59491CC475}.Release|Any CPU.Build.0 = Release|Any CPU
	EndGlobalSection
	GlobalSection(SolutionProperties) = preSolution
		HideSolutionNode = FALSE
	EndGlobalSection
	GlobalSection(ExtensibilityGlobals) = postSolution
		SolutionGuid = {42EBFA46-0AB3-4C4D-BA25-98E0BEC88D13}
	EndGlobalSection
EndGlobal
